
Microsoft Visual Studio Solution File, Format Version 11.00
# Visual C# Express 2010
Project("{FAE04EC0-301F-11D3-BF4B-00C04F79EFBC}") = "QWE", "QWE\QWE.csproj", "{1BDCED14-98ED-45B4-AC9A-4A112EE35C38}"
EndProject
Global
	GlobalSection(SolutionConfigurationPlatforms) = preSolution
		Debug|x86 = Debug|x86
		Release|x86 = Release|x86
	EndGlobalSection
	GlobalSection(ProjectConfigurationPlatforms) = postSolution
		{1BDCED14-98ED-45B4-AC9A-4A112EE35C38}.Debug|x86.ActiveCfg = Debug|x86
		{1BDCED14-98ED-45B4-AC9A-4A112EE35C38}.Debug|x86.Build.0 = Debug|x86
		{1BDCED14-98ED-45B4-AC9A-4A112EE35C38}.Release|x86.ActiveCfg = Release|x86
		{1BDCED14-98ED-45B4-AC9A-4A112EE35C38}.Release|x86.Build.0 = Release|x86
	EndGlobalSection
	GlobalSection(SolutionProperties) = preSolution
		HideSolutionNode = FALSE
	EndGlobalSection
EndGlobal
